// !$*UTF8*$!
{
	archiveVersion = 1;
	classes = {
	};
	objectVersion = 77;
	objects = {

/* Begin PBXBuildFile section */
		C4A700000000000000000019 /* ChronatoCore in Frameworks */ = {isa = PBXBuildFile; productRef = C4A70000000000000000001F /* ChronatoCore */; };
		C4A70000000000000000001A /* ChronatoCore in Frameworks */ = {isa = PBXBuildFile; productRef = C4A700000000000000000020 /* ChronatoCore */; };
		C4A70000000000000000001B /* ChronatoWidgets.appex in Embed Foundation Extensions */ = {isa = PBXBuildFile; fileRef = C4A700000000000000000005 /* ChronatoWidgets.appex */; settings = {ATTRIBUTES = (RemoveHeadersOnCopy, ); }; };
		C4A70000000000000000002B /* Chronato.icon in Resources */ = {isa = PBXBuildFile; fileRef = C4A70000000000000000002A /* Chronato.icon */; };
/* End PBXBuildFile section */

/* Begin PBXContainerItemProxy section */
		C4A70000000000000000001C /* PBXContainerItemProxy */ = {
			isa = PBXContainerItemProxy;
			containerPortal = C4A700000000000000000001 /* Project object */;
			proxyType = 1;
			remoteGlobalIDString = C4A700000000000000000011;
			remoteInfo = ChronatoWidgets;
		};
/* End PBXContainerItemProxy section */

/* Begin PBXCopyFilesBuildPhase section */
		C4A700000000000000000015 /* Embed Foundation Extensions */ = {
			isa = PBXCopyFilesBuildPhase;
			buildActionMask = 2147483647;
			dstPath = "";
			dstSubfolderSpec = 13;
			files = (
				C4A70000000000000000001B /* ChronatoWidgets.appex in Embed Foundation Extensions */,
			);
			name = "Embed Foundation Extensions";
			runOnlyForDeploymentPostprocessing = 0;
		};
/* End PBXCopyFilesBuildPhase section */

/* Begin PBXFileReference section */
		C4A700000000000000000004 /* Chronato.app */ = {isa = PBXFileReference; explicitFileType = wrapper.application; includeInIndex = 0; path = Chronato.app; sourceTree = BUILT_PRODUCTS_DIR; };
		C4A700000000000000000005 /* ChronatoWidgets.appex */ = {isa = PBXFileReference; explicitFileType = "wrapper.app-extension"; includeInIndex = 0; path = ChronatoWidgets.appex; sourceTree = BUILT_PRODUCTS_DIR; };
		C4A70000000000000000002A /* Chronato.icon */ = {isa = PBXFileReference; lastKnownFileType = folder.iconcomposer.icon; name = Chronato.icon; path = ../Branding/Chronato.icon; sourceTree = "<group>"; };
/* End PBXFileReference section */

/* Begin PBXFileSystemSynchronizedRootGroup section */
		C4A700000000000000000006 /* App */ = {
			isa = PBXFileSystemSynchronizedRootGroup;
			path = App;
			sourceTree = "<group>";
		};
		C4A700000000000000000007 /* Shared */ = {
			isa = PBXFileSystemSynchronizedRootGroup;
			path = Shared;
			sourceTree = "<group>";
		};
		C4A700000000000000000008 /* Widgets */ = {
			isa = PBXFileSystemSynchronizedRootGroup;
			path = Widgets;
			sourceTree = "<group>";
		};
		C4A700000000000000000009 /* Config */ = {
			isa = PBXFileSystemSynchronizedRootGroup;
			path = Config;
			sourceTree = "<group>";
		};
/* End PBXFileSystemSynchronizedRootGroup section */

/* Begin PBXFrameworksBuildPhase section */
		C4A700000000000000000013 /* Frameworks */ = {
			isa = PBXFrameworksBuildPhase;
			buildActionMask = 2147483647;
			files = (
				C4A700000000000000000019 /* ChronatoCore in Frameworks */,
			);
			runOnlyForDeploymentPostprocessing = 0;
		};
		C4A700000000000000000017 /* Frameworks */ = {
			isa = PBXFrameworksBuildPhase;
			buildActionMask = 2147483647;
			files = (
				C4A70000000000000000001A /* ChronatoCore in Frameworks */,
			);
			runOnlyForDeploymentPostprocessing = 0;
		};
/* End PBXFrameworksBuildPhase section */

/* Begin PBXGroup section */
		C4A700000000000000000002 = {
			isa = PBXGroup;
			children = (
				C4A700000000000000000006 /* App */,
				C4A700000000000000000007 /* Shared */,
				C4A700000000000000000008 /* Widgets */,
				C4A700000000000000000009 /* Config */,
				C4A70000000000000000002A /* Chronato.icon */,
				C4A700000000000000000003 /* Products */,
			);
			sourceTree = "<group>";
		};
		C4A700000000000000000003 /* Products */ = {
			isa = PBXGroup;
			children = (
				C4A700000000000000000004 /* Chronato.app */,
				C4A700000000000000000005 /* ChronatoWidgets.appex */,
			);
			name = Products;
			sourceTree = "<group>";
		};
/* End PBXGroup section */

/* Begin PBXNativeTarget section */
		C4A700000000000000000010 /* Chronato */ = {
			isa = PBXNativeTarget;
			buildConfigurationList = C4A700000000000000000022 /* Build configuration list for PBXNativeTarget "Chronato" */;
			buildPhases = (
				C4A700000000000000000012 /* Sources */,
				C4A700000000000000000013 /* Frameworks */,
				C4A700000000000000000014 /* Resources */,
				C4A700000000000000000015 /* Embed Foundation Extensions */,
			);
			buildRules = (
			);
			dependencies = (
				C4A70000000000000000001D /* PBXTargetDependency */,
			);
			fileSystemSynchronizedGroups = (
				C4A700000000000000000006 /* App */,
				C4A700000000000000000007 /* Shared */,
			);
			name = Chronato;
			packageProductDependencies = (
				C4A70000000000000000001F /* ChronatoCore */,
			);
			productName = Chronato;
			productReference = C4A700000000000000000004 /* Chronato.app */;
			productType = "com.apple.product-type.application";
		};
		C4A700000000000000000011 /* ChronatoWidgets */ = {
			isa = PBXNativeTarget;
			buildConfigurationList = C4A700000000000000000023 /* Build configuration list for PBXNativeTarget "ChronatoWidgets" */;
			buildPhases = (
				C4A700000000000000000016 /* Sources */,
				C4A700000000000000000017 /* Frameworks */,
				C4A700000000000000000018 /* Resources */,
			);
			buildRules = (
			);
			dependencies = (
			);
			fileSystemSynchronizedGroups = (
				C4A700000000000000000008 /* Widgets */,
				C4A700000000000000000007 /* Shared */,
			);
			name = ChronatoWidgets;
			packageProductDependencies = (
				C4A700000000000000000020 /* ChronatoCore */,
			);
			productName = ChronatoWidgets;
			productReference = C4A700000000000000000005 /* ChronatoWidgets.appex */;
			productType = "com.apple.product-type.app-extension";
		};
/* End PBXNativeTarget section */

/* Begin PBXProject section */
		C4A700000000000000000001 /* Project object */ = {
			isa = PBXProject;
			attributes = {
				BuildIndependentTargetsInParallel = 1;
				LastSwiftUpdateCheck = 1600;
				LastUpgradeCheck = 1600;
				TargetAttributes = {
					C4A700000000000000000010 = {
						CreatedOnToolsVersion = 16.0;
					};
					C4A700000000000000000011 = {
						CreatedOnToolsVersion = 16.0;
					};
				};
			};
			buildConfigurationList = C4A700000000000000000021 /* Build configuration list for PBXProject "Chronato" */;
			developmentRegion = en;
			hasScannedForEncodings = 0;
			knownRegions = (
				en,
				Base,
			);
			mainGroup = C4A700000000000000000002;
			minimizedProjectReferenceProxies = 1;
			packageReferences = (
				C4A70000000000000000001E /* XCLocalSwiftPackageReference ".." */,
			);
			preferredProjectObjectVersion = 77;
			productRefGroup = C4A700000000000000000003 /* Products */;
			projectDirPath = "";
			projectRoot = "";
			targets = (
				C4A700000000000000000010 /* Chronato */,
				C4A700000000000000000011 /* ChronatoWidgets */,
			);
		};
/* End PBXProject section */

/* Begin PBXResourcesBuildPhase section */
		C4A700000000000000000014 /* Resources */ = {
			isa = PBXResourcesBuildPhase;
			buildActionMask = 2147483647;
			files = (
				C4A70000000000000000002B /* Chronato.icon in Resources */,
			);
			runOnlyForDeploymentPostprocessing = 0;
		};
		C4A700000000000000000018 /* Resources */ = {
			isa = PBXResourcesBuildPhase;
			buildActionMask = 2147483647;
			files = (
			);
			runOnlyForDeploymentPostprocessing = 0;
		};
/* End PBXResourcesBuildPhase section */

/* Begin PBXSourcesBuildPhase section */
		C4A700000000000000000012 /* Sources */ = {
			isa = PBXSourcesBuildPhase;
			buildActionMask = 2147483647;
			files = (
			);
			runOnlyForDeploymentPostprocessing = 0;
		};
		C4A700000000000000000016 /* Sources */ = {
			isa = PBXSourcesBuildPhase;
			buildActionMask = 2147483647;
			files = (
			);
			runOnlyForDeploymentPostprocessing = 0;
		};
/* End PBXSourcesBuildPhase section */

/* Begin PBXTargetDependency section */
		C4A70000000000000000001D /* PBXTargetDependency */ = {
			isa = PBXTargetDependency;
			target = C4A700000000000000000011 /* ChronatoWidgets */;
			targetProxy = C4A70000000000000000001C /* PBXContainerItemProxy */;
		};
/* End PBXTargetDependency section */

/* Begin XCBuildConfiguration section */
		C4A700000000000000000024 /* Debug */ = {
			isa = XCBuildConfiguration;
			buildSettings = {
				ALWAYS_SEARCH_USER_PATHS = NO;
				ASSETCATALOG_COMPILER_GENERATE_SWIFT_ASSET_SYMBOL_EXTENSIONS = YES;
				CLANG_ANALYZER_NONNULL = YES;
				CLANG_ENABLE_MODULES = YES;
				CLANG_ENABLE_OBJC_ARC = YES;
				CODE_SIGN_STYLE = Automatic;
				COPY_PHASE_STRIP = NO;
				CURRENT_PROJECT_VERSION = 1;
				DEBUG_INFORMATION_FORMAT = dwarf;
				DEVELOPMENT_TEAM = 5SB3S8ESR3;
				ENABLE_STRICT_OBJC_MSGSEND = YES;
				ENABLE_TESTABILITY = YES;
				ENABLE_USER_SCRIPT_SANDBOXING = YES;
				GCC_C_LANGUAGE_STANDARD = gnu17;
				GCC_DYNAMIC_NO_PIC = NO;
				GCC_NO_COMMON_BLOCKS = YES;
				GCC_OPTIMIZATION_LEVEL = 0;
				GCC_PREPROCESSOR_DEFINITIONS = (
					"DEBUG=1",
					"$(inherited)",
				);
				IPHONEOS_DEPLOYMENT_TARGET = 18.0;
				LOCALIZATION_PREFERS_STRING_CATALOGS = YES;
				MARKETING_VERSION = 1.0.2;
				MTL_ENABLE_DEBUG_INFO = INCLUDE_SOURCE;
				MTL_FAST_MATH = YES;
				ONLY_ACTIVE_ARCH = YES;
				SDKROOT = iphoneos;
				SWIFT_ACTIVE_COMPILATION_CONDITIONS = "DEBUG $(inherited)";
				SWIFT_OPTIMIZATION_LEVEL = "-Onone";
				SWIFT_VERSION = 6.0;
				TARGETED_DEVICE_FAMILY = 1;
			};
			name = Debug;
		};
		C4A700000000000000000025 /* Release */ = {
			isa = XCBuildConfiguration;
			buildSettings = {
				ALWAYS_SEARCH_USER_PATHS = NO;
				ASSETCATALOG_COMPILER_GENERATE_SWIFT_ASSET_SYMBOL_EXTENSIONS = YES;
				CLANG_ANALYZER_NONNULL = YES;
				CLANG_ENABLE_MODULES = YES;
				CLANG_ENABLE_OBJC_ARC = YES;
				CODE_SIGN_STYLE = Automatic;
				COPY_PHASE_STRIP = NO;
				CURRENT_PROJECT_VERSION = 1;
				DEBUG_INFORMATION_FORMAT = "dwarf-with-dsym";
				DEVELOPMENT_TEAM = 5SB3S8ESR3;
				ENABLE_NS_ASSERTIONS = NO;
				ENABLE_STRICT_OBJC_MSGSEND = YES;
				ENABLE_USER_SCRIPT_SANDBOXING = YES;
				GCC_C_LANGUAGE_STANDARD = gnu17;
				GCC_NO_COMMON_BLOCKS = YES;
				IPHONEOS_DEPLOYMENT_TARGET = 18.0;
				LOCALIZATION_PREFERS_STRING_CATALOGS = YES;
				MARKETING_VERSION = 1.0.2;
				MTL_ENABLE_DEBUG_INFO = NO;
				MTL_FAST_MATH = YES;
				SDKROOT = iphoneos;
				SWIFT_COMPILATION_MODE = wholemodule;
				SWIFT_VERSION = 6.0;
				TARGETED_DEVICE_FAMILY = 1;
				VALIDATE_PRODUCT = YES;
			};
			name = Release;
		};
		C4A700000000000000000026 /* Debug */ = {
			isa = XCBuildConfiguration;
			buildSettings = {
				ASSETCATALOG_COMPILER_APPICON_NAME = Chronato;
				ASSETCATALOG_COMPILER_GLOBAL_ACCENT_COLOR_NAME = AccentColor;
				CODE_SIGN_ENTITLEMENTS = Config/Chronato.entitlements;
				ENABLE_PREVIEWS = YES;
				GENERATE_INFOPLIST_FILE = YES;
				INFOPLIST_FILE = "Config/Chronato-Info.plist";
				INFOPLIST_KEY_CFBundleDisplayName = Chronato;
				INFOPLIST_KEY_LSApplicationCategoryType = "public.app-category.productivity";
				INFOPLIST_KEY_NSHumanReadableCopyright = "© 2026 weidhaus · MIT";
				INFOPLIST_KEY_UIApplicationSceneManifest_Generation = YES;
				INFOPLIST_KEY_UIApplicationSupportsIndirectInputEvents = YES;
				INFOPLIST_KEY_UILaunchScreen_Generation = YES;
				INFOPLIST_KEY_UISupportedInterfaceOrientations_iPhone = "UIInterfaceOrientationPortrait UIInterfaceOrientationLandscapeLeft UIInterfaceOrientationLandscapeRight";
				LD_RUNPATH_SEARCH_PATHS = (
					"$(inherited)",
					"@executable_path/Frameworks",
				);
				PRODUCT_BUNDLE_IDENTIFIER = com.weidhaus.chronato;
				PRODUCT_NAME = "$(TARGET_NAME)";
				SUPPORTED_PLATFORMS = "iphoneos iphonesimulator";
				SUPPORTS_MACCATALYST = NO;
				SUPPORTS_MAC_DESIGNED_FOR_IPHONE_IPAD = NO;
				SUPPORTS_XR_DESIGNED_FOR_IPHONE_IPAD = NO;
				SWIFT_EMIT_LOC_STRINGS = YES;
			};
			name = Debug;
		};
		C4A700000000000000000027 /* Release */ = {
			isa = XCBuildConfiguration;
			buildSettings = {
				ASSETCATALOG_COMPILER_APPICON_NAME = Chronato;
				ASSETCATALOG_COMPILER_GLOBAL_ACCENT_COLOR_NAME = AccentColor;
				CODE_SIGN_ENTITLEMENTS = Config/Chronato.entitlements;
				ENABLE_PREVIEWS = YES;
				GENERATE_INFOPLIST_FILE = YES;
				INFOPLIST_FILE = "Config/Chronato-Info.plist";
				INFOPLIST_KEY_CFBundleDisplayName = Chronato;
				INFOPLIST_KEY_LSApplicationCategoryType = "public.app-category.productivity";
				INFOPLIST_KEY_NSHumanReadableCopyright = "© 2026 weidhaus · MIT";
				INFOPLIST_KEY_UIApplicationSceneManifest_Generation = YES;
				INFOPLIST_KEY_UIApplicationSupportsIndirectInputEvents = YES;
				INFOPLIST_KEY_UILaunchScreen_Generation = YES;
				INFOPLIST_KEY_UISupportedInterfaceOrientations_iPhone = "UIInterfaceOrientationPortrait UIInterfaceOrientationLandscapeLeft UIInterfaceOrientationLandscapeRight";
				LD_RUNPATH_SEARCH_PATHS = (
					"$(inherited)",
					"@executable_path/Frameworks",
				);
				PRODUCT_BUNDLE_IDENTIFIER = com.weidhaus.chronato;
				PRODUCT_NAME = "$(TARGET_NAME)";
				SUPPORTED_PLATFORMS = "iphoneos iphonesimulator";
				SUPPORTS_MACCATALYST = NO;
				SUPPORTS_MAC_DESIGNED_FOR_IPHONE_IPAD = NO;
				SUPPORTS_XR_DESIGNED_FOR_IPHONE_IPAD = NO;
				SWIFT_EMIT_LOC_STRINGS = YES;
			};
			name = Release;
		};
		C4A700000000000000000028 /* Debug */ = {
			isa = XCBuildConfiguration;
			buildSettings = {
				ASSETCATALOG_COMPILER_GLOBAL_ACCENT_COLOR_NAME = AccentColor;
				CODE_SIGN_ENTITLEMENTS = Config/ChronatoWidgets.entitlements;
				GENERATE_INFOPLIST_FILE = YES;
				INFOPLIST_FILE = "Config/ChronatoWidgets-Info.plist";
				INFOPLIST_KEY_CFBundleDisplayName = Chronato;
				INFOPLIST_KEY_NSHumanReadableCopyright = "© 2026 weidhaus · MIT";
				LD_RUNPATH_SEARCH_PATHS = (
					"$(inherited)",
					"@executable_path/Frameworks",
					"@executable_path/../../Frameworks",
				);
				PRODUCT_BUNDLE_IDENTIFIER = com.weidhaus.chronato.widgets;
				PRODUCT_NAME = "$(TARGET_NAME)";
				SKIP_INSTALL = YES;
				SUPPORTED_PLATFORMS = "iphoneos iphonesimulator";
				SUPPORTS_MACCATALYST = NO;
				SWIFT_ACTIVE_COMPILATION_CONDITIONS = "WIDGET_EXTENSION $(inherited)";
				SWIFT_EMIT_LOC_STRINGS = YES;
			};
			name = Debug;
		};
		C4A700000000000000000029 /* Release */ = {
			isa = XCBuildConfiguration;
			buildSettings = {
				ASSETCATALOG_COMPILER_GLOBAL_ACCENT_COLOR_NAME = AccentColor;
				CODE_SIGN_ENTITLEMENTS = Config/ChronatoWidgets.entitlements;
				GENERATE_INFOPLIST_FILE = YES;
				INFOPLIST_FILE = "Config/ChronatoWidgets-Info.plist";
				INFOPLIST_KEY_CFBundleDisplayName = Chronato;
				INFOPLIST_KEY_NSHumanReadableCopyright = "© 2026 weidhaus · MIT";
				LD_RUNPATH_SEARCH_PATHS = (
					"$(inherited)",
					"@executable_path/Frameworks",
					"@executable_path/../../Frameworks",
				);
				PRODUCT_BUNDLE_IDENTIFIER = com.weidhaus.chronato.widgets;
				PRODUCT_NAME = "$(TARGET_NAME)";
				SKIP_INSTALL = YES;
				SUPPORTED_PLATFORMS = "iphoneos iphonesimulator";
				SUPPORTS_MACCATALYST = NO;
				SWIFT_ACTIVE_COMPILATION_CONDITIONS = "WIDGET_EXTENSION $(inherited)";
				SWIFT_EMIT_LOC_STRINGS = YES;
			};
			name = Release;
		};
/* End XCBuildConfiguration section */

/* Begin XCConfigurationList section */
		C4A700000000000000000021 /* Build configuration list for PBXProject "Chronato" */ = {
			isa = XCConfigurationList;
			buildConfigurations = (
				C4A700000000000000000024 /* Debug */,
				C4A700000000000000000025 /* Release */,
			);
			defaultConfigurationIsVisible = 0;
			defaultConfigurationName = Release;
		};
		C4A700000000000000000022 /* Build configuration list for PBXNativeTarget "Chronato" */ = {
			isa = XCConfigurationList;
			buildConfigurations = (
				C4A700000000000000000026 /* Debug */,
				C4A700000000000000000027 /* Release */,
			);
			defaultConfigurationIsVisible = 0;
			defaultConfigurationName = Release;
		};
		C4A700000000000000000023 /* Build configuration list for PBXNativeTarget "ChronatoWidgets" */ = {
			isa = XCConfigurationList;
			buildConfigurations = (
				C4A700000000000000000028 /* Debug */,
				C4A700000000000000000029 /* Release */,
			);
			defaultConfigurationIsVisible = 0;
			defaultConfigurationName = Release;
		};
/* End XCConfigurationList section */

/* Begin XCLocalSwiftPackageReference section */
		C4A70000000000000000001E /* XCLocalSwiftPackageReference ".." */ = {
			isa = XCLocalSwiftPackageReference;
			relativePath = ..;
		};
/* End XCLocalSwiftPackageReference section */

/* Begin XCSwiftPackageProductDependency section */
		C4A70000000000000000001F /* ChronatoCore */ = {
			isa = XCSwiftPackageProductDependency;
			package = C4A70000000000000000001E /* XCLocalSwiftPackageReference ".." */;
			productName = ChronatoCore;
		};
		C4A700000000000000000020 /* ChronatoCore */ = {
			isa = XCSwiftPackageProductDependency;
			package = C4A70000000000000000001E /* XCLocalSwiftPackageReference ".." */;
			productName = ChronatoCore;
		};
/* End XCSwiftPackageProductDependency section */
	};
	rootObject = C4A700000000000000000001 /* Project object */;
}
